
Microsoft Visual Studio Solution File, Format Version 12.00
# Visual Studio Version 16
VisualStudioVersion = 25.0.1705.2
MinimumVisualStudioVersion = 10.0.40219.1
Project("{FAE04EC0-301F-11D3-BF4B-00C04F79EFBC}") = "test", "test\test.csproj", "{7342800D-CFA7-45D2-957E-1426198C144C}"
EndProject
Global
	GlobalSection(SolutionConfigurationPlatforms) = preSolution
		Debug|Any CPU = Debug|Any CPU
		Release|Any CPU = Release|Any CPU
	EndGlobalSection
	GlobalSection(ProjectConfigurationPlatforms) = postSolution
		{7342800D-CFA7-45D2-957E-1426198C144C}.Debug|Any CPU.ActiveCfg = Debug|Any CPU
		{7342800D-CFA7-45D2-957E-1426198C144C}.Debug|Any CPU.Build.0 = Debug|Any CPU
		{7342800D-CFA7-45D2-957E-1426198C144C}.Release|Any CPU.ActiveCfg = Release|Any CPU
		{7342800D-CFA7-45D2-957E-1426198C144C}.Release|Any CPU.Build.0 = Release|Any CPU
	EndGlobalSection
	GlobalSection(SolutionProperties) = preSolution
		HideSolutionNode = FALSE
	EndGlobalSection
	GlobalSection(ExtensibilityGlobals) = postSolution
		SolutionGuid = {E7306F04-AC26-432F-8C87-15D8C1E49740}
	EndGlobalSection
EndGlobal
